
Microsoft Visual Studio Solution File, Format Version 12.00
# Visual Studio Version 17
VisualStudioVersion = 17.4.33122.133
MinimumVisualStudioVersion = 10.0.40219.1
Project("{FAE04EC0-301F-11D3-BF4B-00C04F79EFBC}") = "SchoolBackend", "SchoolBackend\SchoolBackend.csproj", "{71844AD5-0ECD-44D5-801E-B11934997E18}"
EndProject
Global
	GlobalSection(SolutionConfigurationPlatforms) = preSolution
		Debug|Any CPU = Debug|Any CPU
		Release|Any CPU = Release|Any CPU
	EndGlobalSection
	GlobalSection(ProjectConfigurationPlatforms) = postSolution
		{71844AD5-0ECD-44D5-801E-B11934997E18}.Debug|Any CPU.ActiveCfg = Debug|Any CPU
		{71844AD5-0ECD-44D5-801E-B11934997E18}.Debug|Any CPU.Build.0 = Debug|Any CPU
		{71844AD5-0ECD-44D5-801E-B11934997E18}.Release|Any CPU.ActiveCfg = Release|Any CPU
		{71844AD5-0ECD-44D5-801E-B11934997E18}.Release|Any CPU.Build.0 = Release|Any CPU
	EndGlobalSection
	GlobalSection(SolutionProperties) = preSolution
		HideSolutionNode = FALSE
	EndGlobalSection
	GlobalSection(ExtensibilityGlobals) = postSolution
		SolutionGuid = {5E6E2636-DF94-40B5-AF74-B11CA7FF65ED}
	EndGlobalSection
EndGlobal
