
Microsoft Visual Studio Solution File, Format Version 12.00
# Visual Studio Version 17
VisualStudioVersion = 17.4.33110.190
MinimumVisualStudioVersion = 10.0.40219.1
Project("{FAE04EC0-301F-11D3-BF4B-00C04F79EFBC}") = "ArraysCodeDemo", "ArraysCodeDemo\ArraysCodeDemo.csproj", "{5CCECD71-24BD-4338-85E4-E0741C212CA4}"
EndProject
Global
	GlobalSection(SolutionConfigurationPlatforms) = preSolution
		Debug|Any CPU = Debug|Any CPU
		Release|Any CPU = Release|Any CPU
	EndGlobalSection
	GlobalSection(ProjectConfigurationPlatforms) = postSolution
		{5CCECD71-24BD-4338-85E4-E0741C212CA4}.Debug|Any CPU.ActiveCfg = Debug|Any CPU
		{5CCECD71-24BD-4338-85E4-E0741C212CA4}.Debug|Any CPU.Build.0 = Debug|Any CPU
		{5CCECD71-24BD-4338-85E4-E0741C212CA4}.Release|Any CPU.ActiveCfg = Release|Any CPU
		{5CCECD71-24BD-4338-85E4-E0741C212CA4}.Release|Any CPU.Build.0 = Release|Any CPU
	EndGlobalSection
	GlobalSection(SolutionProperties) = preSolution
		HideSolutionNode = FALSE
	EndGlobalSection
	GlobalSection(ExtensibilityGlobals) = postSolution
		SolutionGuid = {A46BE4FC-ADA8-41A3-B328-B35EE1165B48}
	EndGlobalSection
EndGlobal
