
Microsoft Visual Studio Solution File, Format Version 12.00
# Visual Studio Version 17
VisualStudioVersion = 17.4.33122.133
MinimumVisualStudioVersion = 10.0.40219.1
Project("{FAE04EC0-301F-11D3-BF4B-00C04F79EFBC}") = "SWAPITest", "SWAPITest\SWAPITest.csproj", "{EC3500D2-9D29-405B-8419-2DB47E080993}"
EndProject
Global
	GlobalSection(SolutionConfigurationPlatforms) = preSolution
		Debug|Any CPU = Debug|Any CPU
		Release|Any CPU = Release|Any CPU
	EndGlobalSection
	GlobalSection(ProjectConfigurationPlatforms) = postSolution
		{EC3500D2-9D29-405B-8419-2DB47E080993}.Debug|Any CPU.ActiveCfg = Debug|Any CPU
		{EC3500D2-9D29-405B-8419-2DB47E080993}.Debug|Any CPU.Build.0 = Debug|Any CPU
		{EC3500D2-9D29-405B-8419-2DB47E080993}.Release|Any CPU.ActiveCfg = Release|Any CPU
		{EC3500D2-9D29-405B-8419-2DB47E080993}.Release|Any CPU.Build.0 = Release|Any CPU
	EndGlobalSection
	GlobalSection(SolutionProperties) = preSolution
		HideSolutionNode = FALSE
	EndGlobalSection
	GlobalSection(ExtensibilityGlobals) = postSolution
		SolutionGuid = {A1A3ECF6-F2F3-4431-A133-DD5B6D9C0658}
	EndGlobalSection
EndGlobal
