
Microsoft Visual Studio Solution File, Format Version 12.00
# Visual Studio Version 17
VisualStudioVersion = 17.4.33110.190
MinimumVisualStudioVersion = 10.0.40219.1
Project("{FAE04EC0-301F-11D3-BF4B-00C04F79EFBC}") = "Methods", "Methods\Methods.csproj", "{AD541A97-CCEB-4A16-BED3-F6306D8B57D1}"
EndProject
Global
	GlobalSection(SolutionConfigurationPlatforms) = preSolution
		Debug|Any CPU = Debug|Any CPU
		Release|Any CPU = Release|Any CPU
	EndGlobalSection
	GlobalSection(ProjectConfigurationPlatforms) = postSolution
		{AD541A97-CCEB-4A16-BED3-F6306D8B57D1}.Debug|Any CPU.ActiveCfg = Debug|Any CPU
		{AD541A97-CCEB-4A16-BED3-F6306D8B57D1}.Debug|Any CPU.Build.0 = Debug|Any CPU
		{AD541A97-CCEB-4A16-BED3-F6306D8B57D1}.Release|Any CPU.ActiveCfg = Release|Any CPU
		{AD541A97-CCEB-4A16-BED3-F6306D8B57D1}.Release|Any CPU.Build.0 = Release|Any CPU
	EndGlobalSection
	GlobalSection(SolutionProperties) = preSolution
		HideSolutionNode = FALSE
	EndGlobalSection
	GlobalSection(ExtensibilityGlobals) = postSolution
		SolutionGuid = {D520B11B-1882-4B49-BA51-480271168D05}
	EndGlobalSection
EndGlobal
