
Microsoft Visual Studio Solution File, Format Version 12.00
# Visual Studio Version 17
VisualStudioVersion = 17.4.33110.190
MinimumVisualStudioVersion = 10.0.40219.1
Project("{FAE04EC0-301F-11D3-BF4B-00C04F79EFBC}") = "ListsStudentDB", "ListsStudentDB\ListsStudentDB.csproj", "{3551EE46-A527-4CB4-88D9-F16C9E35D77D}"
EndProject
Global
	GlobalSection(SolutionConfigurationPlatforms) = preSolution
		Debug|Any CPU = Debug|Any CPU
		Release|Any CPU = Release|Any CPU
	EndGlobalSection
	GlobalSection(ProjectConfigurationPlatforms) = postSolution
		{3551EE46-A527-4CB4-88D9-F16C9E35D77D}.Debug|Any CPU.ActiveCfg = Debug|Any CPU
		{3551EE46-A527-4CB4-88D9-F16C9E35D77D}.Debug|Any CPU.Build.0 = Debug|Any CPU
		{3551EE46-A527-4CB4-88D9-F16C9E35D77D}.Release|Any CPU.ActiveCfg = Release|Any CPU
		{3551EE46-A527-4CB4-88D9-F16C9E35D77D}.Release|Any CPU.Build.0 = Release|Any CPU
	EndGlobalSection
	GlobalSection(SolutionProperties) = preSolution
		HideSolutionNode = FALSE
	EndGlobalSection
	GlobalSection(ExtensibilityGlobals) = postSolution
		SolutionGuid = {ECB364F0-A08E-413F-BC1F-9BE425A10039}
	EndGlobalSection
EndGlobal
