
Microsoft Visual Studio Solution File, Format Version 12.00
# Visual Studio Version 17
VisualStudioVersion = 17.4.33110.190
MinimumVisualStudioVersion = 10.0.40219.1
Project("{FAE04EC0-301F-11D3-BF4B-00C04F79EFBC}") = "UnitTesting", "UnitTesting\UnitTesting.csproj", "{96F858D2-F961-42EF-81EA-47DC96BF71A3}"
EndProject
Global
	GlobalSection(SolutionConfigurationPlatforms) = preSolution
		Debug|Any CPU = Debug|Any CPU
		Release|Any CPU = Release|Any CPU
	EndGlobalSection
	GlobalSection(ProjectConfigurationPlatforms) = postSolution
		{96F858D2-F961-42EF-81EA-47DC96BF71A3}.Debug|Any CPU.ActiveCfg = Debug|Any CPU
		{96F858D2-F961-42EF-81EA-47DC96BF71A3}.Debug|Any CPU.Build.0 = Debug|Any CPU
		{96F858D2-F961-42EF-81EA-47DC96BF71A3}.Release|Any CPU.ActiveCfg = Release|Any CPU
		{96F858D2-F961-42EF-81EA-47DC96BF71A3}.Release|Any CPU.Build.0 = Release|Any CPU
	EndGlobalSection
	GlobalSection(SolutionProperties) = preSolution
		HideSolutionNode = FALSE
	EndGlobalSection
	GlobalSection(ExtensibilityGlobals) = postSolution
		SolutionGuid = {C4DC389F-1F56-410A-A3CF-62DF0E9E361D}
	EndGlobalSection
EndGlobal
