
Microsoft Visual Studio Solution File, Format Version 12.00
# Visual Studio Version 17
VisualStudioVersion = 17.4.33110.190
MinimumVisualStudioVersion = 10.0.40219.1
Project("{FAE04EC0-301F-11D3-BF4B-00C04F79EFBC}") = "Deliverable2", "Deliverable2\Deliverable2.csproj", "{CE8EC658-0519-4F45-B380-4F53D58EB5AE}"
EndProject
Global
	GlobalSection(SolutionConfigurationPlatforms) = preSolution
		Debug|Any CPU = Debug|Any CPU
		Release|Any CPU = Release|Any CPU
	EndGlobalSection
	GlobalSection(ProjectConfigurationPlatforms) = postSolution
		{CE8EC658-0519-4F45-B380-4F53D58EB5AE}.Debug|Any CPU.ActiveCfg = Debug|Any CPU
		{CE8EC658-0519-4F45-B380-4F53D58EB5AE}.Debug|Any CPU.Build.0 = Debug|Any CPU
		{CE8EC658-0519-4F45-B380-4F53D58EB5AE}.Release|Any CPU.ActiveCfg = Release|Any CPU
		{CE8EC658-0519-4F45-B380-4F53D58EB5AE}.Release|Any CPU.Build.0 = Release|Any CPU
	EndGlobalSection
	GlobalSection(SolutionProperties) = preSolution
		HideSolutionNode = FALSE
	EndGlobalSection
	GlobalSection(ExtensibilityGlobals) = postSolution
		SolutionGuid = {2D05112C-C072-4FA2-A76D-A2948E673CBD}
	EndGlobalSection
EndGlobal
