
Microsoft Visual Studio Solution File, Format Version 12.00
# Visual Studio Version 17
VisualStudioVersion = 17.4.33122.133
MinimumVisualStudioVersion = 10.0.40219.1
Project("{FAE04EC0-301F-11D3-BF4B-00C04F79EFBC}") = "RouteValues", "RouteValues\RouteValues.csproj", "{89577D3C-D01D-4402-BFCA-0024A50B2964}"
EndProject
Global
	GlobalSection(SolutionConfigurationPlatforms) = preSolution
		Debug|Any CPU = Debug|Any CPU
		Release|Any CPU = Release|Any CPU
	EndGlobalSection
	GlobalSection(ProjectConfigurationPlatforms) = postSolution
		{89577D3C-D01D-4402-BFCA-0024A50B2964}.Debug|Any CPU.ActiveCfg = Debug|Any CPU
		{89577D3C-D01D-4402-BFCA-0024A50B2964}.Debug|Any CPU.Build.0 = Debug|Any CPU
		{89577D3C-D01D-4402-BFCA-0024A50B2964}.Release|Any CPU.ActiveCfg = Release|Any CPU
		{89577D3C-D01D-4402-BFCA-0024A50B2964}.Release|Any CPU.Build.0 = Release|Any CPU
	EndGlobalSection
	GlobalSection(SolutionProperties) = preSolution
		HideSolutionNode = FALSE
	EndGlobalSection
	GlobalSection(ExtensibilityGlobals) = postSolution
		SolutionGuid = {57CF2A64-0463-46A9-8B99-3AAAE354D106}
	EndGlobalSection
EndGlobal
