
Microsoft Visual Studio Solution File, Format Version 12.00
# Visual Studio Version 17
VisualStudioVersion = 17.4.33110.190
MinimumVisualStudioVersion = 10.0.40219.1
Project("{FAE04EC0-301F-11D3-BF4B-00C04F79EFBC}") = "InheritanceIntro", "InheritanceIntro\InheritanceIntro.csproj", "{67CEB6FA-AE2E-41A1-AFCB-2300CB8A62CD}"
EndProject
Global
	GlobalSection(SolutionConfigurationPlatforms) = preSolution
		Debug|Any CPU = Debug|Any CPU
		Release|Any CPU = Release|Any CPU
	EndGlobalSection
	GlobalSection(ProjectConfigurationPlatforms) = postSolution
		{67CEB6FA-AE2E-41A1-AFCB-2300CB8A62CD}.Debug|Any CPU.ActiveCfg = Debug|Any CPU
		{67CEB6FA-AE2E-41A1-AFCB-2300CB8A62CD}.Debug|Any CPU.Build.0 = Debug|Any CPU
		{67CEB6FA-AE2E-41A1-AFCB-2300CB8A62CD}.Release|Any CPU.ActiveCfg = Release|Any CPU
		{67CEB6FA-AE2E-41A1-AFCB-2300CB8A62CD}.Release|Any CPU.Build.0 = Release|Any CPU
	EndGlobalSection
	GlobalSection(SolutionProperties) = preSolution
		HideSolutionNode = FALSE
	EndGlobalSection
	GlobalSection(ExtensibilityGlobals) = postSolution
		SolutionGuid = {A0952859-C6D6-4093-ACB1-BA0B47E6BA1C}
	EndGlobalSection
EndGlobal
